// !$*UTF8*$!
{
	archiveVersion = 1;
	classes = {
	};
	objectVersion = 48;
	objects = {

/* Begin PBXBuildFile section */
		ED1104422008296B00C154B5 /* PodInfoViewController.swift in Sources */ = {isa = PBXBuildFile; fileRef = ED1104412008296B00C154B5 /* PodInfoViewController.swift */; };
		EDBFD9C220053CD1006EC8D3 /* AppDelegate.swift in Sources */ = {isa = PBXBuildFile; fileRef = EDBFD9C120053CD1006EC8D3 /* AppDelegate.swift */; };
		EDBFD9C420053CD1006EC8D3 /* PodsViewController.swift in Sources */ = {isa = PBXBuildFile; fileRef = EDBFD9C320053CD1006EC8D3 /* PodsViewController.swift */; };
		EDBFD9C720053CD1006EC8D3 /* Main.storyboard in Resources */ = {isa = PBXBuildFile; fileRef = EDBFD9C520053CD1006EC8D3 /* Main.storyboard */; };
		EDBFD9C920053CD1006EC8D3 /* Assets.xcassets in Resources */ = {isa = PBXBuildFile; fileRef = EDBFD9C820053CD1006EC8D3 /* Assets.xcassets */; };
		EDBFD9CC20053CD1006EC8D3 /* LaunchScreen.storyboard in Resources */ = {isa = PBXBuildFile; fileRef = EDBFD9CA20053CD1006EC8D3 /* LaunchScreen.storyboard */; };
		EDBFD9D720053CD2006EC8D3 /* TwisporaTests.swift in Sources */ = {isa = PBXBuildFile; fileRef = EDBFD9D620053CD2006EC8D3 /* TwisporaTests.swift */; };
		EDBFD9E220053CD2006EC8D3 /* TwisporaUITests.swift in Sources */ = {isa = PBXBuildFile; fileRef = EDBFD9E120053CD2006EC8D3 /* TwisporaUITests.swift */; };
		EDBFD9F120054072006EC8D3 /* LICENSE in Resources */ = {isa = PBXBuildFile; fileRef = EDBFD9EF20054071006EC8D3 /* LICENSE */; };
		EDBFD9F220054072006EC8D3 /* README.md in Resources */ = {isa = PBXBuildFile; fileRef = EDBFD9F020054071006EC8D3 /* README.md */; };
		EDE2721A2005469400594F7B /* PodViewController.swift in Sources */ = {isa = PBXBuildFile; fileRef = EDE272192005469300594F7B /* PodViewController.swift */; };
		EDE2721C20056B8C00594F7B /* pods.json in Resources */ = {isa = PBXBuildFile; fileRef = EDE2721B20056B8C00594F7B /* pods.json */; };
		EDE2721E200574D500594F7B /* PodCell.swift in Sources */ = {isa = PBXBuildFile; fileRef = EDE2721D200574D500594F7B /* PodCell.swift */; };
/* End PBXBuildFile section */

/* Begin PBXContainerItemProxy section */
		EDBFD9D320053CD2006EC8D3 /* PBXContainerItemProxy */ = {
			isa = PBXContainerItemProxy;
			containerPortal = EDBFD9B620053CD1006EC8D3 /* Project object */;
			proxyType = 1;
			remoteGlobalIDString = EDBFD9BD20053CD1006EC8D3;
			remoteInfo = Twispora;
		};
		EDBFD9DE20053CD2006EC8D3 /* PBXContainerItemProxy */ = {
			isa = PBXContainerItemProxy;
			containerPortal = EDBFD9B620053CD1006EC8D3 /* Project object */;
			proxyType = 1;
			remoteGlobalIDString = EDBFD9BD20053CD1006EC8D3;
			remoteInfo = Twispora;
		};
/* End PBXContainerItemProxy section */

/* Begin PBXFileReference section */
		ED1104412008296B00C154B5 /* PodInfoViewController.swift */ = {isa = PBXFileReference; fileEncoding = 4; lastKnownFileType = sourcecode.swift; path = PodInfoViewController.swift; sourceTree = "<group>"; };
		EDBFD9BE20053CD1006EC8D3 /* Twispora.app */ = {isa = PBXFileReference; explicitFileType = wrapper.application; includeInIndex = 0; path = Twispora.app; sourceTree = BUILT_PRODUCTS_DIR; };
		EDBFD9C120053CD1006EC8D3 /* AppDelegate.swift */ = {isa = PBXFileReference; lastKnownFileType = sourcecode.swift; path = AppDelegate.swift; sourceTree = "<group>"; };
		EDBFD9C320053CD1006EC8D3 /* PodsViewController.swift */ = {isa = PBXFileReference; lastKnownFileType = sourcecode.swift; path = PodsViewController.swift; sourceTree = "<group>"; };
		EDBFD9C620053CD1006EC8D3 /* Base */ = {isa = PBXFileReference; lastKnownFileType = file.storyboard; name = Base; path = Base.lproj/Main.storyboard; sourceTree = "<group>"; };
		EDBFD9C820053CD1006EC8D3 /* Assets.xcassets */ = {isa = PBXFileReference; lastKnownFileType = folder.assetcatalog; path = Assets.xcassets; sourceTree = "<group>"; };
		EDBFD9CB20053CD1006EC8D3 /* Base */ = {isa = PBXFileReference; lastKnownFileType = file.storyboard; name = Base; path = Base.lproj/LaunchScreen.storyboard; sourceTree = "<group>"; };
		EDBFD9CD20053CD1006EC8D3 /* Info.plist */ = {isa = PBXFileReference; lastKnownFileType = text.plist.xml; path = Info.plist; sourceTree = "<group>"; };
		EDBFD9D220053CD2006EC8D3 /* TwisporaTests.xctest */ = {isa = PBXFileReference; explicitFileType = wrapper.cfbundle; includeInIndex = 0; path = TwisporaTests.xctest; sourceTree = BUILT_PRODUCTS_DIR; };
		EDBFD9D620053CD2006EC8D3 /* TwisporaTests.swift */ = {isa = PBXFileReference; lastKnownFileType = sourcecode.swift; path = TwisporaTests.swift; sourceTree = "<group>"; };
		EDBFD9D820053CD2006EC8D3 /* Info.plist */ = {isa = PBXFileReference; lastKnownFileType = text.plist.xml; path = Info.plist; sourceTree = "<group>"; };
		EDBFD9DD20053CD2006EC8D3 /* TwisporaUITests.xctest */ = {isa = PBXFileReference; explicitFileType = wrapper.cfbundle; includeInIndex = 0; path = TwisporaUITests.xctest; sourceTree = BUILT_PRODUCTS_DIR; };
		EDBFD9E120053CD2006EC8D3 /* TwisporaUITests.swift */ = {isa = PBXFileReference; lastKnownFileType = sourcecode.swift; path = TwisporaUITests.swift; sourceTree = "<group>"; };
		EDBFD9E320053CD2006EC8D3 /* Info.plist */ = {isa = PBXFileReference; lastKnownFileType = text.plist.xml; path = Info.plist; sourceTree = "<group>"; };
		EDBFD9EF20054071006EC8D3 /* LICENSE */ = {isa = PBXFileReference; fileEncoding = 4; lastKnownFileType = text; path = LICENSE; sourceTree = "<group>"; };
		EDBFD9F020054071006EC8D3 /* README.md */ = {isa = PBXFileReference; fileEncoding = 4; lastKnownFileType = net.daringfireball.markdown; path = README.md; sourceTree = "<group>"; };
		EDE272192005469300594F7B /* PodViewController.swift */ = {isa = PBXFileReference; fileEncoding = 4; lastKnownFileType = sourcecode.swift; path = PodViewController.swift; sourceTree = "<group>"; };
		EDE2721B20056B8C00594F7B /* pods.json */ = {isa = PBXFileReference; fileEncoding = 4; lastKnownFileType = text.json; path = pods.json; sourceTree = "<group>"; };
		EDE2721D200574D500594F7B /* PodCell.swift */ = {isa = PBXFileReference; fileEncoding = 4; lastKnownFileType = sourcecode.swift; path = PodCell.swift; sourceTree = "<group>"; };
/* End PBXFileReference section */

/* Begin PBXFrameworksBuildPhase section */
		EDBFD9BB20053CD1006EC8D3 /* Frameworks */ = {
			isa = PBXFrameworksBuildPhase;
			buildActionMask = 2147483647;
			files = (
			);
			runOnlyForDeploymentPostprocessing = 0;
		};
		EDBFD9CF20053CD2006EC8D3 /* Frameworks */ = {
			isa = PBXFrameworksBuildPhase;
			buildActionMask = 2147483647;
			files = (
			);
			runOnlyForDeploymentPostprocessing = 0;
		};
		EDBFD9DA20053CD2006EC8D3 /* Frameworks */ = {
			isa = PBXFrameworksBuildPhase;
			buildActionMask = 2147483647;
			files = (
			);
			runOnlyForDeploymentPostprocessing = 0;
		};
/* End PBXFrameworksBuildPhase section */

/* Begin PBXGroup section */
		EDBFD9B520053CD1006EC8D3 = {
			isa = PBXGroup;
			children = (
				EDBFD9EF20054071006EC8D3 /* LICENSE */,
				EDBFD9F020054071006EC8D3 /* README.md */,
				EDBFD9C020053CD1006EC8D3 /* Twispora */,
				EDBFD9D520053CD2006EC8D3 /* TwisporaTests */,
				EDBFD9E020053CD2006EC8D3 /* TwisporaUITests */,
				EDBFD9BF20053CD1006EC8D3 /* Products */,
			);
			sourceTree = "<group>";
		};
		EDBFD9BF20053CD1006EC8D3 /* Products */ = {
			isa = PBXGroup;
			children = (
				EDBFD9BE20053CD1006EC8D3 /* Twispora.app */,
				EDBFD9D220053CD2006EC8D3 /* TwisporaTests.xctest */,
				EDBFD9DD20053CD2006EC8D3 /* TwisporaUITests.xctest */,
			);
			name = Products;
			sourceTree = "<group>";
		};
		EDBFD9C020053CD1006EC8D3 /* Twispora */ = {
			isa = PBXGroup;
			children = (
				EDBFD9C120053CD1006EC8D3 /* AppDelegate.swift */,
				EDE2721D200574D500594F7B /* PodCell.swift */,
				EDBFD9C320053CD1006EC8D3 /* PodsViewController.swift */,
				ED1104412008296B00C154B5 /* PodInfoViewController.swift */,
				EDE272192005469300594F7B /* PodViewController.swift */,
				EDE2721B20056B8C00594F7B /* pods.json */,
				EDBFD9C520053CD1006EC8D3 /* Main.storyboard */,
				EDBFD9C820053CD1006EC8D3 /* Assets.xcassets */,
				EDBFD9CA20053CD1006EC8D3 /* LaunchScreen.storyboard */,
				EDBFD9CD20053CD1006EC8D3 /* Info.plist */,
			);
			path = Twispora;
			sourceTree = "<group>";
		};
		EDBFD9D520053CD2006EC8D3 /* TwisporaTests */ = {
			isa = PBXGroup;
			children = (
				EDBFD9D620053CD2006EC8D3 /* TwisporaTests.swift */,
				EDBFD9D820053CD2006EC8D3 /* Info.plist */,
			);
			path = TwisporaTests;
			sourceTree = "<group>";
		};
		EDBFD9E020053CD2006EC8D3 /* TwisporaUITests */ = {
			isa = PBXGroup;
			children = (
				EDBFD9E120053CD2006EC8D3 /* TwisporaUITests.swift */,
				EDBFD9E320053CD2006EC8D3 /* Info.plist */,
			);
			path = TwisporaUITests;
			sourceTree = "<group>";
		};
/* End PBXGroup section */

/* Begin PBXNativeTarget section */
		EDBFD9BD20053CD1006EC8D3 /* Twispora */ = {
			isa = PBXNativeTarget;
			buildConfigurationList = EDBFD9E620053CD2006EC8D3 /* Build configuration list for PBXNativeTarget "Twispora" */;
			buildPhases = (
				EDBFD9BA20053CD1006EC8D3 /* Sources */,
				EDBFD9BB20053CD1006EC8D3 /* Frameworks */,
				EDBFD9BC20053CD1006EC8D3 /* Resources */,
			);
			buildRules = (
			);
			dependencies = (
			);
			name = Twispora;
			productName = Twispora;
			productReference = EDBFD9BE20053CD1006EC8D3 /* Twispora.app */;
			productType = "com.apple.product-type.application";
		};
		EDBFD9D120053CD2006EC8D3 /* TwisporaTests */ = {
			isa = PBXNativeTarget;
			buildConfigurationList = EDBFD9E920053CD2006EC8D3 /* Build configuration list for PBXNativeTarget "TwisporaTests" */;
			buildPhases = (
				EDBFD9CE20053CD2006EC8D3 /* Sources */,
				EDBFD9CF20053CD2006EC8D3 /* Frameworks */,
				EDBFD9D020053CD2006EC8D3 /* Resources */,
			);
			buildRules = (
			);
			dependencies = (
				EDBFD9D420053CD2006EC8D3 /* PBXTargetDependency */,
			);
			name = TwisporaTests;
			productName = TwisporaTests;
			productReference = EDBFD9D220053CD2006EC8D3 /* TwisporaTests.xctest */;
			productType = "com.apple.product-type.bundle.unit-test";
		};
		EDBFD9DC20053CD2006EC8D3 /* TwisporaUITests */ = {
			isa = PBXNativeTarget;
			buildConfigurationList = EDBFD9EC20053CD2006EC8D3 /* Build configuration list for PBXNativeTarget "TwisporaUITests" */;
			buildPhases = (
				EDBFD9D920053CD2006EC8D3 /* Sources */,
				EDBFD9DA20053CD2006EC8D3 /* Frameworks */,
				EDBFD9DB20053CD2006EC8D3 /* Resources */,
			);
			buildRules = (
			);
			dependencies = (
				EDBFD9DF20053CD2006EC8D3 /* PBXTargetDependency */,
			);
			name = TwisporaUITests;
			productName = TwisporaUITests;
			productReference = EDBFD9DD20053CD2006EC8D3 /* TwisporaUITests.xctest */;
			productType = "com.apple.product-type.bundle.ui-testing";
		};
/* End PBXNativeTarget section */

/* Begin PBXProject section */
		EDBFD9B620053CD1006EC8D3 /* Project object */ = {
			isa = PBXProject;
			attributes = {
				LastSwiftUpdateCheck = 0920;
				LastUpgradeCheck = 0920;
				ORGANIZATIONNAME = "Amr Aboelela";
				TargetAttributes = {
					EDBFD9BD20053CD1006EC8D3 = {
						CreatedOnToolsVersion = 9.2;
						ProvisioningStyle = Automatic;
					};
					EDBFD9D120053CD2006EC8D3 = {
						CreatedOnToolsVersion = 9.2;
						ProvisioningStyle = Automatic;
						TestTargetID = EDBFD9BD20053CD1006EC8D3;
					};
					EDBFD9DC20053CD2006EC8D3 = {
						CreatedOnToolsVersion = 9.2;
						ProvisioningStyle = Automatic;
						TestTargetID = EDBFD9BD20053CD1006EC8D3;
					};
				};
			};
			buildConfigurationList = EDBFD9B920053CD1006EC8D3 /* Build configuration list for PBXProject "Twispora" */;
			compatibilityVersion = "Xcode 8.0";
			developmentRegion = en;
			hasScannedForEncodings = 0;
			knownRegions = (
				en,
				Base,
			);
			mainGroup = EDBFD9B520053CD1006EC8D3;
			productRefGroup = EDBFD9BF20053CD1006EC8D3 /* Products */;
			projectDirPath = "";
			projectRoot = "";
			targets = (
				EDBFD9BD20053CD1006EC8D3 /* Twispora */,
				EDBFD9D120053CD2006EC8D3 /* TwisporaTests */,
				EDBFD9DC20053CD2006EC8D3 /* TwisporaUITests */,
			);
		};
/* End PBXProject section */

/* Begin PBXResourcesBuildPhase section */
		EDBFD9BC20053CD1006EC8D3 /* Resources */ = {
			isa = PBXResourcesBuildPhase;
			buildActionMask = 2147483647;
			files = (
				EDBFD9CC20053CD1006EC8D3 /* LaunchScreen.storyboard in Resources */,
				EDBFD9C920053CD1006EC8D3 /* Assets.xcassets in Resources */,
				EDBFD9F220054072006EC8D3 /* README.md in Resources */,
				EDBFD9F120054072006EC8D3 /* LICENSE in Resources */,
				EDBFD9C720053CD1006EC8D3 /* Main.storyboard in Resources */,
				EDE2721C20056B8C00594F7B /* pods.json in Resources */,
			);
			runOnlyForDeploymentPostprocessing = 0;
		};
		EDBFD9D020053CD2006EC8D3 /* Resources */ = {
			isa = PBXResourcesBuildPhase;
			buildActionMask = 2147483647;
			files = (
			);
			runOnlyForDeploymentPostprocessing = 0;
		};
		EDBFD9DB20053CD2006EC8D3 /* Resources */ = {
			isa = PBXResourcesBuildPhase;
			buildActionMask = 2147483647;
			files = (
			);
			runOnlyForDeploymentPostprocessing = 0;
		};
/* End PBXResourcesBuildPhase section */

/* Begin PBXSourcesBuildPhase section */
		EDBFD9BA20053CD1006EC8D3 /* Sources */ = {
			isa = PBXSourcesBuildPhase;
			buildActionMask = 2147483647;
			files = (
				EDBFD9C420053CD1006EC8D3 /* PodsViewController.swift in Sources */,
				EDE2721A2005469400594F7B /* PodViewController.swift in Sources */,
				ED1104422008296B00C154B5 /* PodInfoViewController.swift in Sources */,
				EDBFD9C220053CD1006EC8D3 /* AppDelegate.swift in Sources */,
				EDE2721E200574D500594F7B /* PodCell.swift in Sources */,
			);
			runOnlyForDeploymentPostprocessing = 0;
		};
		EDBFD9CE20053CD2006EC8D3 /* Sources */ = {
			isa = PBXSourcesBuildPhase;
			buildActionMask = 2147483647;
			files = (
				EDBFD9D720053CD2006EC8D3 /* TwisporaTests.swift in Sources */,
			);
			runOnlyForDeploymentPostprocessing = 0;
		};
		EDBFD9D920053CD2006EC8D3 /* Sources */ = {
			isa = PBXSourcesBuildPhase;
			buildActionMask = 2147483647;
			files = (
				EDBFD9E220053CD2006EC8D3 /* TwisporaUITests.swift in Sources */,
			);
			runOnlyForDeploymentPostprocessing = 0;
		};
/* End PBXSourcesBuildPhase section */

/* Begin PBXTargetDependency section */
		EDBFD9D420053CD2006EC8D3 /* PBXTargetDependency */ = {
			isa = PBXTargetDependency;
			target = EDBFD9BD20053CD1006EC8D3 /* Twispora */;
			targetProxy = EDBFD9D320053CD2006EC8D3 /* PBXContainerItemProxy */;
		};
		EDBFD9DF20053CD2006EC8D3 /* PBXTargetDependency */ = {
			isa = PBXTargetDependency;
			target = EDBFD9BD20053CD1006EC8D3 /* Twispora */;
			targetProxy = EDBFD9DE20053CD2006EC8D3 /* PBXContainerItemProxy */;
		};
/* End PBXTargetDependency section */

/* Begin PBXVariantGroup section */
		EDBFD9C520053CD1006EC8D3 /* Main.storyboard */ = {
			isa = PBXVariantGroup;
			children = (
				EDBFD9C620053CD1006EC8D3 /* Base */,
			);
			name = Main.storyboard;
			sourceTree = "<group>";
		};
		EDBFD9CA20053CD1006EC8D3 /* LaunchScreen.storyboard */ = {
			isa = PBXVariantGroup;
			children = (
				EDBFD9CB20053CD1006EC8D3 /* Base */,
			);
			name = LaunchScreen.storyboard;
			sourceTree = "<group>";
		};
/* End PBXVariantGroup section */

/* Begin XCBuildConfiguration section */
		EDBFD9E420053CD2006EC8D3 /* Debug */ = {
			isa = XCBuildConfiguration;
			buildSettings = {
				ALWAYS_SEARCH_USER_PATHS = NO;
				CLANG_ANALYZER_NONNULL = YES;
				CLANG_ANALYZER_NUMBER_OBJECT_CONVERSION = YES_AGGRESSIVE;
				CLANG_CXX_LANGUAGE_STANDARD = "gnu++14";
				CLANG_CXX_LIBRARY = "libc++";
				CLANG_ENABLE_MODULES = YES;
				CLANG_ENABLE_OBJC_ARC = YES;
				CLANG_WARN_BLOCK_CAPTURE_AUTORELEASING = YES;
				CLANG_WARN_BOOL_CONVERSION = YES;
				CLANG_WARN_COMMA = YES;
				CLANG_WARN_CONSTANT_CONVERSION = YES;
				CLANG_WARN_DIRECT_OBJC_ISA_USAGE = YES_ERROR;
				CLANG_WARN_DOCUMENTATION_COMMENTS = YES;
				CLANG_WARN_EMPTY_BODY = YES;
				CLANG_WARN_ENUM_CONVERSION = YES;
				CLANG_WARN_INFINITE_RECURSION = YES;
				CLANG_WARN_INT_CONVERSION = YES;
				CLANG_WARN_NON_LITERAL_NULL_CONVERSION = YES;
				CLANG_WARN_OBJC_LITERAL_CONVERSION = YES;
				CLANG_WARN_OBJC_ROOT_CLASS = YES_ERROR;
				CLANG_WARN_RANGE_LOOP_ANALYSIS = YES;
				CLANG_WARN_STRICT_PROTOTYPES = YES;
				CLANG_WARN_SUSPICIOUS_MOVE = YES;
				CLANG_WARN_UNGUARDED_AVAILABILITY = YES_AGGRESSIVE;
				CLANG_WARN_UNREACHABLE_CODE = YES;
				CLANG_WARN__DUPLICATE_METHOD_MATCH = YES;
				CODE_SIGN_IDENTITY = "iPhone Developer";
				COPY_PHASE_STRIP = NO;
				DEBUG_INFORMATION_FORMAT = dwarf;
				ENABLE_STRICT_OBJC_MSGSEND = YES;
				ENABLE_TESTABILITY = YES;
				GCC_C_LANGUAGE_STANDARD = gnu11;
				GCC_DYNAMIC_NO_PIC = NO;
				GCC_NO_COMMON_BLOCKS = YES;
				GCC_OPTIMIZATION_LEVEL = 0;
				GCC_PREPROCESSOR_DEFINITIONS = (
					"DEBUG=1",
					"$(inherited)",
				);
				GCC_WARN_64_TO_32_BIT_CONVERSION = YES;
				GCC_WARN_ABOUT_RETURN_TYPE = YES_ERROR;
				GCC_WARN_UNDECLARED_SELECTOR = YES;
				GCC_WARN_UNINITIALIZED_AUTOS = YES_AGGRESSIVE;
				GCC_WARN_UNUSED_FUNCTION = YES;
				GCC_WARN_UNUSED_VARIABLE = YES;
				IPHONEOS_DEPLOYMENT_TARGET = 11.0;
				MTL_ENABLE_DEBUG_INFO = YES;
				ONLY_ACTIVE_ARCH = YES;
				SDKROOT = iphoneos;
				SWIFT_ACTIVE_COMPILATION_CONDITIONS = DEBUG;
				SWIFT_OPTIMIZATION_LEVEL = "-Onone";
			};
			name = Debug;
		};
		EDBFD9E520053CD2006EC8D3 /* Release */ = {
			isa = XCBuildConfiguration;
			buildSettings = {
				ALWAYS_SEARCH_USER_PATHS = NO;
				CLANG_ANALYZER_NONNULL = YES;
				CLANG_ANALYZER_NUMBER_OBJECT_CONVERSION = YES_AGGRESSIVE;
				CLANG_CXX_LANGUAGE_STANDARD = "gnu++14";
				CLANG_CXX_LIBRARY = "libc++";
				CLANG_ENABLE_MODULES = YES;
				CLANG_ENABLE_OBJC_ARC = YES;
				CLANG_WARN_BLOCK_CAPTURE_AUTORELEASING = YES;
				CLANG_WARN_BOOL_CONVERSION = YES;
				CLANG_WARN_COMMA = YES;
				CLANG_WARN_CONSTANT_CONVERSION = YES;
				CLANG_WARN_DIRECT_OBJC_ISA_USAGE = YES_ERROR;
				CLANG_WARN_DOCUMENTATION_COMMENTS = YES;
				CLANG_WARN_EMPTY_BODY = YES;
				CLANG_WARN_ENUM_CONVERSION = YES;
				CLANG_WARN_INFINITE_RECURSION = YES;
				CLANG_WARN_INT_CONVERSION = YES;
				CLANG_WARN_NON_LITERAL_NULL_CONVERSION = YES;
				CLANG_WARN_OBJC_LITERAL_CONVERSION = YES;
				CLANG_WARN_OBJC_ROOT_CLASS = YES_ERROR;
				CLANG_WARN_RANGE_LOOP_ANALYSIS = YES;
				CLANG_WARN_STRICT_PROTOTYPES = YES;
				CLANG_WARN_SUSPICIOUS_MOVE = YES;
				CLANG_WARN_UNGUARDED_AVAILABILITY = YES_AGGRESSIVE;
				CLANG_WARN_UNREACHABLE_CODE = YES;
				CLANG_WARN__DUPLICATE_METHOD_MATCH = YES;
				CODE_SIGN_IDENTITY = "iPhone Developer";
				COPY_PHASE_STRIP = NO;
				DEBUG_INFORMATION_FORMAT = "dwarf-with-dsym";
				ENABLE_NS_ASSERTIONS = NO;
				ENABLE_STRICT_OBJC_MSGSEND = YES;
				GCC_C_LANGUAGE_STANDARD = gnu11;
				GCC_NO_COMMON_BLOCKS = YES;
				GCC_WARN_64_TO_32_BIT_CONVERSION = YES;
				GCC_WARN_ABOUT_RETURN_TYPE = YES_ERROR;
				GCC_WARN_UNDECLARED_SELECTOR = YES;
				GCC_WARN_UNINITIALIZED_AUTOS = YES_AGGRESSIVE;
				GCC_WARN_UNUSED_FUNCTION = YES;
				GCC_WARN_UNUSED_VARIABLE = YES;
				IPHONEOS_DEPLOYMENT_TARGET = 11.0;
				MTL_ENABLE_DEBUG_INFO = NO;
				SDKROOT = iphoneos;
				SWIFT_OPTIMIZATION_LEVEL = "-Owholemodule";
				VALIDATE_PRODUCT = YES;
			};
			name = Release;
		};
		EDBFD9E720053CD2006EC8D3 /* Debug */ = {
			isa = XCBuildConfiguration;
			buildSettings = {
				ASSETCATALOG_COMPILER_APPICON_NAME = AppIcon;
				CODE_SIGN_STYLE = Automatic;
				DEVELOPMENT_TEAM = PHEF24B589;
				INFOPLIST_FILE = Twispora/Info.plist;
				IPHONEOS_DEPLOYMENT_TARGET = 11.0;
				LD_RUNPATH_SEARCH_PATHS = "$(inherited) @executable_path/Frameworks";
				PRODUCT_BUNDLE_IDENTIFIER = net.twispora.Twispora;
				PRODUCT_NAME = "$(TARGET_NAME)";
				SWIFT_VERSION = 4.0;
				TARGETED_DEVICE_FAMILY = "1,2";
			};
			name = Debug;
		};
		EDBFD9E820053CD2006EC8D3 /* Release */ = {
			isa = XCBuildConfiguration;
			buildSettings = {
				ASSETCATALOG_COMPILER_APPICON_NAME = AppIcon;
				CODE_SIGN_STYLE = Automatic;
				DEVELOPMENT_TEAM = PHEF24B589;
				INFOPLIST_FILE = Twispora/Info.plist;
				IPHONEOS_DEPLOYMENT_TARGET = 11.0;
				LD_RUNPATH_SEARCH_PATHS = "$(inherited) @executable_path/Frameworks";
				PRODUCT_BUNDLE_IDENTIFIER = net.twispora.Twispora;
				PRODUCT_NAME = "$(TARGET_NAME)";
				SWIFT_VERSION = 4.0;
				TARGETED_DEVICE_FAMILY = "1,2";
			};
			name = Release;
		};
		EDBFD9EA20053CD2006EC8D3 /* Debug */ = {
			isa = XCBuildConfiguration;
			buildSettings = {
				ALWAYS_EMBED_SWIFT_STANDARD_LIBRARIES = YES;
				BUNDLE_LOADER = "$(TEST_HOST)";
				CODE_SIGN_STYLE = Automatic;
				INFOPLIST_FILE = TwisporaTests/Info.plist;
				LD_RUNPATH_SEARCH_PATHS = "$(inherited) @executable_path/Frameworks @loader_path/Frameworks";
				PRODUCT_BUNDLE_IDENTIFIER = com.twispora.TwisporaTests;
				PRODUCT_NAME = "$(TARGET_NAME)";
				SWIFT_VERSION = 4.0;
				TARGETED_DEVICE_FAMILY = "1,2";
				TEST_HOST = "$(BUILT_PRODUCTS_DIR)/Twispora.app/Twispora";
			};
			name = Debug;
		};
		EDBFD9EB20053CD2006EC8D3 /* Release */ = {
			isa = XCBuildConfiguration;
			buildSettings = {
				ALWAYS_EMBED_SWIFT_STANDARD_LIBRARIES = YES;
				BUNDLE_LOADER = "$(TEST_HOST)";
				CODE_SIGN_STYLE = Automatic;
				INFOPLIST_FILE = TwisporaTests/Info.plist;
				LD_RUNPATH_SEARCH_PATHS = "$(inherited) @executable_path/Frameworks @loader_path/Frameworks";
				PRODUCT_BUNDLE_IDENTIFIER = com.twispora.TwisporaTests;
				PRODUCT_NAME = "$(TARGET_NAME)";
				SWIFT_VERSION = 4.0;
				TARGETED_DEVICE_FAMILY = "1,2";
				TEST_HOST = "$(BUILT_PRODUCTS_DIR)/Twispora.app/Twispora";
			};
			name = Release;
		};
		EDBFD9ED20053CD2006EC8D3 /* Debug */ = {
			isa = XCBuildConfiguration;
			buildSettings = {
				ALWAYS_EMBED_SWIFT_STANDARD_LIBRARIES = YES;
				CODE_SIGN_STYLE = Automatic;
				INFOPLIST_FILE = TwisporaUITests/Info.plist;
				LD_RUNPATH_SEARCH_PATHS = "$(inherited) @executable_path/Frameworks @loader_path/Frameworks";
				PRODUCT_BUNDLE_IDENTIFIER = com.twispora.TwisporaUITests;
				PRODUCT_NAME = "$(TARGET_NAME)";
				SWIFT_VERSION = 4.0;
				TARGETED_DEVICE_FAMILY = "1,2";
				TEST_TARGET_NAME = Twispora;
			};
			name = Debug;
		};
		EDBFD9EE20053CD2006EC8D3 /* Release */ = {
			isa = XCBuildConfiguration;
			buildSettings = {
				ALWAYS_EMBED_SWIFT_STANDARD_LIBRARIES = YES;
				CODE_SIGN_STYLE = Automatic;
				INFOPLIST_FILE = TwisporaUITests/Info.plist;
				LD_RUNPATH_SEARCH_PATHS = "$(inherited) @executable_path/Frameworks @loader_path/Frameworks";
				PRODUCT_BUNDLE_IDENTIFIER = com.twispora.TwisporaUITests;
				PRODUCT_NAME = "$(TARGET_NAME)";
				SWIFT_VERSION = 4.0;
				TARGETED_DEVICE_FAMILY = "1,2";
				TEST_TARGET_NAME = Twispora;
			};
			name = Release;
		};
/* End XCBuildConfiguration section */

/* Begin XCConfigurationList section */
		EDBFD9B920053CD1006EC8D3 /* Build configuration list for PBXProject "Twispora" */ = {
			isa = XCConfigurationList;
			buildConfigurations = (
				EDBFD9E420053CD2006EC8D3 /* Debug */,
				EDBFD9E520053CD2006EC8D3 /* Release */,
			);
			defaultConfigurationIsVisible = 0;
			defaultConfigurationName = Release;
		};
		EDBFD9E620053CD2006EC8D3 /* Build configuration list for PBXNativeTarget "Twispora" */ = {
			isa = XCConfigurationList;
			buildConfigurations = (
				EDBFD9E720053CD2006EC8D3 /* Debug */,
				EDBFD9E820053CD2006EC8D3 /* Release */,
			);
			defaultConfigurationIsVisible = 0;
			defaultConfigurationName = Release;
		};
		EDBFD9E920053CD2006EC8D3 /* Build configuration list for PBXNativeTarget "TwisporaTests" */ = {
			isa = XCConfigurationList;
			buildConfigurations = (
				EDBFD9EA20053CD2006EC8D3 /* Debug */,
				EDBFD9EB20053CD2006EC8D3 /* Release */,
			);
			defaultConfigurationIsVisible = 0;
			defaultConfigurationName = Release;
		};
		EDBFD9EC20053CD2006EC8D3 /* Build configuration list for PBXNativeTarget "TwisporaUITests" */ = {
			isa = XCConfigurationList;
			buildConfigurations = (
				EDBFD9ED20053CD2006EC8D3 /* Debug */,
				EDBFD9EE20053CD2006EC8D3 /* Release */,
			);
			defaultConfigurationIsVisible = 0;
			defaultConfigurationName = Release;
		};
/* End XCConfigurationList section */
	};
	rootObject = EDBFD9B620053CD1006EC8D3 /* Project object */;
}
